{
  "version": 4,
  "terraform_version": "1.8.3",
  "serial": 3,
  "lineage": "dead186e-110a-2ea3-6bfc-7813000ad129",
  "outputs": {
    "instance_external_ip": {
      "value": "34.143.237.204",
      "type": "string"
    },
    "instance_public_dns": {
      "value": "34.143.237.204",
      "type": "string"
    }
  },
  "resources": [
    {
      "mode": "managed",
      "type": "google_compute_firewall",
      "name": "nest_firewall_rule",
      "provider": "provider[\"registry.terraform.io/hashicorp/google\"]",
      "instances": [
        {
          "schema_version": 1,
          "attributes": {
            "allow": [
              {
                "ports": [
                  "8000"
                ],
                "protocol": "tcp"
              }
            ],
            "creation_timestamp": "2024-07-21T20:41:01.271-07:00",
            "deny": [],
            "description": "Firewall rule allowing TCP traffic on port 8000",
            "destination_ranges": [],
            "direction": "INGRESS",
            "disabled": false,
            "enable_logging": null,
            "id": "projects/testing-429803/global/firewalls/laravel-firewall-rule",
            "log_config": [],
            "name": "laravel-firewall-rule",
            "network": "https://www.googleapis.com/compute/v1/projects/testing-429803/global/networks/default",
            "priority": 1000,
            "project": "testing-429803",
            "self_link": "https://www.googleapis.com/compute/v1/projects/testing-429803/global/firewalls/laravel-firewall-rule",
            "source_ranges": [
              "0.0.0.0/0"
            ],
            "source_service_accounts": null,
            "source_tags": null,
            "target_service_accounts": null,
            "target_tags": null,
            "timeouts": null
          },
          "sensitive_attributes": [],
          "private": "eyJlMmJmYjczMC1lY2FhLTExZTYtOGY4OC0zNDM2M2JjN2M0YzAiOnsiY3JlYXRlIjoxMjAwMDAwMDAwMDAwLCJkZWxldGUiOjEyMDAwMDAwMDAwMDAsInVwZGF0ZSI6MTIwMDAwMDAwMDAwMH0sInNjaGVtYV92ZXJzaW9uIjoiMSJ9"
        }
      ]
    },
    {
      "mode": "managed",
      "type": "google_compute_instance",
      "name": "default",
      "provider": "provider[\"registry.terraform.io/hashicorp/google\"]",
      "instances": [
        {
          "schema_version": 6,
          "attributes": {
            "advanced_machine_features": [],
            "allow_stopping_for_update": null,
            "attached_disk": [],
            "boot_disk": [
              {
                "auto_delete": true,
                "device_name": "persistent-disk-0",
                "disk_encryption_key_raw": "",
                "disk_encryption_key_sha256": "",
                "initialize_params": [
                  {
                    "enable_confidential_compute": false,
                    "image": "https://www.googleapis.com/compute/v1/projects/debian-cloud/global/images/debian-11-bullseye-v20240709",
                    "labels": {
                      "my_label": "value"
                    },
                    "provisioned_iops": 0,
                    "provisioned_throughput": 0,
                    "resource_manager_tags": null,
                    "size": 10,
                    "type": "pd-standard"
                  }
                ],
                "kms_key_self_link": "",
                "mode": "READ_WRITE",
                "source": "https://www.googleapis.com/compute/v1/projects/testing-429803/zones/asia-southeast1-a/disks/laravel-app"
              }
            ],
            "can_ip_forward": false,
            "confidential_instance_config": [],
            "cpu_platform": "Intel Broadwell",
            "current_status": "RUNNING",
            "deletion_protection": false,
            "description": "",
            "desired_status": null,
            "effective_labels": {},
            "enable_display": false,
            "guest_accelerator": [],
            "hostname": "",
            "id": "projects/testing-429803/zones/asia-southeast1-a/instances/laravel-app",
            "instance_id": "5605647921756269090",
            "label_fingerprint": "42WmSpB8rSM=",
            "labels": null,
            "machine_type": "e2-medium",
            "metadata": {
              "foo": "bar"
            },
            "metadata_fingerprint": "VJ1nHRLpUds=",
            "metadata_startup_script": "#!/bin/bash\nsudo su\nsudo apt-get update\nsudo apt-get install -y curl gnupg\n\n# Install PHP and necessary extensions\nsudo apt-get install -y php php-cli php-fpm php-mysql php-xml php-mbstring git\nsudo apt-get install -y lsb-release apt-transport-https ca-certificates\nsudo wget -O - https://packages.sury.org/php/apt.gpg | sudo apt-key add -\necho \"deb https://packages.sury.org/php/ $(lsb_release -cs) main\" | sudo tee /etc/apt/sources.list.d/php.list\nsudo apt-get update\nsudo apt-get install -y php8.2 php8.2-cli php8.2-fpm php8.2-mysql php8.2-xml php8.2-mbstring git\nlsb_release -cs\nsudo update-alternatives --set php /usr/bin/php8.2\n\n# Install Composer\ncurl -sS https://getcomposer.org/installer | sudo php -- --install-dir=/usr/local/bin --filename=composer\n\n# Install Node.js 21\ncurl -fsSL https://deb.nodesource.com/setup_21.x | sudo bash -\nsudo apt-get install -y nodejs git\n\n# Clone the repository and set permissions\nsudo git clone https://github.com/SiThuKyawTint-GuGu/laravel-gcp.git /home/guguskyler/laravel-app\nsudo chown -R guguskyler:guguskyler /home/guguskyler/laravel-app\nsudo chmod -R 755 /home/guguskyler/laravel-app\n\n# Install dependencies and start the app\ncd /home/guguskyler/laravel-app\ncomposer install\nphp artisan serve\n",
            "min_cpu_platform": "",
            "name": "laravel-app",
            "network_interface": [
              {
                "access_config": [
                  {
                    "nat_ip": "34.143.237.204",
                    "network_tier": "PREMIUM",
                    "public_ptr_domain_name": ""
                  }
                ],
                "alias_ip_range": [],
                "internal_ipv6_prefix_length": 0,
                "ipv6_access_config": [],
                "ipv6_access_type": "",
                "ipv6_address": "",
                "name": "nic0",
                "network": "https://www.googleapis.com/compute/v1/projects/testing-429803/global/networks/default",
                "network_ip": "10.148.0.23",
                "nic_type": "",
                "queue_count": 0,
                "stack_type": "IPV4_ONLY",
                "subnetwork": "https://www.googleapis.com/compute/v1/projects/testing-429803/regions/asia-southeast1/subnetworks/default",
                "subnetwork_project": "testing-429803"
              }
            ],
            "network_performance_config": [],
            "params": [],
            "project": "testing-429803",
            "reservation_affinity": [],
            "resource_policies": null,
            "scheduling": [
              {
                "automatic_restart": true,
                "instance_termination_action": "",
                "local_ssd_recovery_timeout": [],
                "max_run_duration": [],
                "min_node_cpus": 0,
                "node_affinities": [],
                "on_host_maintenance": "MIGRATE",
                "on_instance_stop_action": [],
                "preemptible": false,
                "provisioning_model": "STANDARD"
              }
            ],
            "scratch_disk": [],
            "self_link": "https://www.googleapis.com/compute/v1/projects/testing-429803/zones/asia-southeast1-a/instances/laravel-app",
            "service_account": [],
            "shielded_instance_config": [
              {
                "enable_integrity_monitoring": true,
                "enable_secure_boot": false,
                "enable_vtpm": true
              }
            ],
            "tags": [
              "http-server",
              "https-server",
              "lb-health-check",
              "nest-app"
            ],
            "tags_fingerprint": "J8zgpASG2oo=",
            "terraform_labels": {},
            "timeouts": null,
            "zone": "asia-southeast1-a"
          },
          "sensitive_attributes": [
            [
              {
                "type": "get_attr",
                "value": "boot_disk"
              },
              {
                "type": "index",
                "value": {
                  "value": 0,
                  "type": "number"
                }
              },
              {
                "type": "get_attr",
                "value": "disk_encryption_key_raw"
              }
            ]
          ],
          "private": "eyJlMmJmYjczMC1lY2FhLTExZTYtOGY4OC0zNDM2M2JjN2M0YzAiOnsiY3JlYXRlIjoxMjAwMDAwMDAwMDAwLCJkZWxldGUiOjEyMDAwMDAwMDAwMDAsInVwZGF0ZSI6MTIwMDAwMDAwMDAwMH0sInNjaGVtYV92ZXJzaW9uIjoiNiJ9"
        }
      ]
    }
  ],
  "check_results": null
}
