{
  "version": 4,
  "terraform_version": "1.8.3",
  "serial": 9,
  "lineage": "dead186e-110a-2ea3-6bfc-7813000ad129",
  "outputs": {
    "database_host": {
      "value": "34.124.171.61",
      "type": "string"
    },
    "instance_external_ip": {
      "value": "34.143.206.40",
      "type": "string"
    },
    "instance_public_dns": {
      "value": "34.143.206.40",
      "type": "string"
    }
  },
  "resources": [
    {
      "mode": "managed",
      "type": "google_compute_firewall",
      "name": "nest_firewall_rule",
      "provider": "provider[\"registry.terraform.io/hashicorp/google\"]",
      "instances": [
        {
          "schema_version": 1,
          "attributes": {
            "allow": [
              {
                "ports": [
                  "8000"
                ],
                "protocol": "tcp"
              }
            ],
            "creation_timestamp": "2024-07-21T20:41:01.271-07:00",
            "deny": [],
            "description": "Firewall rule allowing TCP traffic on port 8000",
            "destination_ranges": [],
            "direction": "INGRESS",
            "disabled": false,
            "enable_logging": null,
            "id": "projects/testing-429803/global/firewalls/laravel-firewall-rule",
            "log_config": [],
            "name": "laravel-firewall-rule",
            "network": "https://www.googleapis.com/compute/v1/projects/testing-429803/global/networks/default",
            "priority": 1000,
            "project": "testing-429803",
            "self_link": "https://www.googleapis.com/compute/v1/projects/testing-429803/global/firewalls/laravel-firewall-rule",
            "source_ranges": [
              "0.0.0.0/0"
            ],
            "source_service_accounts": [],
            "source_tags": [],
            "target_service_accounts": [],
            "target_tags": [],
            "timeouts": null
          },
          "sensitive_attributes": [],
          "private": "eyJlMmJmYjczMC1lY2FhLTExZTYtOGY4OC0zNDM2M2JjN2M0YzAiOnsiY3JlYXRlIjoxMjAwMDAwMDAwMDAwLCJkZWxldGUiOjEyMDAwMDAwMDAwMDAsInVwZGF0ZSI6MTIwMDAwMDAwMDAwMH0sInNjaGVtYV92ZXJzaW9uIjoiMSJ9"
        }
      ]
    },
    {
      "mode": "managed",
      "type": "google_compute_instance",
      "name": "default",
      "provider": "provider[\"registry.terraform.io/hashicorp/google\"]",
      "instances": [
        {
          "schema_version": 6,
          "attributes": {
            "advanced_machine_features": [],
            "allow_stopping_for_update": null,
            "attached_disk": [],
            "boot_disk": [
              {
                "auto_delete": true,
                "device_name": "persistent-disk-0",
                "disk_encryption_key_raw": "",
                "disk_encryption_key_sha256": "",
                "initialize_params": [
                  {
                    "enable_confidential_compute": false,
                    "image": "https://www.googleapis.com/compute/v1/projects/debian-cloud/global/images/debian-11-bullseye-v20240709",
                    "labels": {
                      "my_label": "value"
                    },
                    "provisioned_iops": 0,
                    "provisioned_throughput": 0,
                    "resource_manager_tags": null,
                    "size": 10,
                    "type": "pd-standard"
                  }
                ],
                "kms_key_self_link": "",
                "mode": "READ_WRITE",
                "source": "https://www.googleapis.com/compute/v1/projects/testing-429803/zones/asia-southeast1-a/disks/laravel-app"
              }
            ],
            "can_ip_forward": false,
            "confidential_instance_config": [],
            "cpu_platform": "Intel Broadwell",
            "current_status": "RUNNING",
            "deletion_protection": false,
            "description": "",
            "desired_status": null,
            "effective_labels": {},
            "enable_display": false,
            "guest_accelerator": [],
            "hostname": "",
            "id": "projects/testing-429803/zones/asia-southeast1-a/instances/laravel-app",
            "instance_id": "7808018704883541804",
            "label_fingerprint": "42WmSpB8rSM=",
            "labels": null,
            "machine_type": "e2-medium",
            "metadata": {
              "foo": "bar"
            },
            "metadata_fingerprint": "UQLvW3Lx-vI=",
            "metadata_startup_script": "#!/bin/bash\nsudo su\nsudo apt-get update\nsudo apt-get install -y curl gnupg\n\n# Install PHP and necessary extensions\nsudo apt-get install -y php php-cli php-fpm php-mysql php-xml php-mbstring git\nsudo apt-get install -y lsb-release apt-transport-https ca-certificates\nsudo wget -O - https://packages.sury.org/php/apt.gpg | sudo apt-key add -\necho \"deb https://packages.sury.org/php/ $(lsb_release -cs) main\" | sudo tee /etc/apt/sources.list.d/php.list\nsudo apt-get update\nsudo apt-get install -y php8.2 php8.2-cli php8.2-fpm php8.2-mysql php8.2-xml php8.2-mbstring git\nlsb_release -cs\nsudo update-alternatives --set php /usr/bin/php8.2\nsudo apt-get update\nsudo apt-get install php-zip\nsudo apt-get install unzip\nphp --ini\nsudo apt-get install php-sqlite3\n\n# Install Composer\ncurl -sS https://getcomposer.org/installer | sudo php -- --install-dir=/usr/local/bin --filename=composer\n\n# Install Node.js 21\ncurl -fsSL https://deb.nodesource.com/setup_21.x | sudo bash -\nsudo apt-get install -y nodejs git\n\n# Clone the repository and set permissions\nsudo git clone https://github.com/SiThuKyawTint-GuGu/laravel-googlecloud.git /home/guguskyler/laravel-app\nsudo chown -R guguskyler:guguskyler /home/guguskyler/laravel-app\nsudo chmod -R 755 /home/guguskyler/laravel-app\nchmod 664 /home/guguskyler/laravel-app/database/database.sqlite\ntouch /home/guguskyler/laravel-app/database/database.sqlite\n\n# Install dependencies and start the app\ncd /home/guguskyler/laravel-app\ncomposer install\nphp artisan serve --host=0.0.0.0 --port=8000\n",
            "min_cpu_platform": "",
            "name": "laravel-app",
            "network_interface": [
              {
                "access_config": [
                  {
                    "nat_ip": "34.143.206.40",
                    "network_tier": "PREMIUM",
                    "public_ptr_domain_name": ""
                  }
                ],
                "alias_ip_range": [],
                "internal_ipv6_prefix_length": 0,
                "ipv6_access_config": [],
                "ipv6_access_type": "",
                "ipv6_address": "",
                "name": "nic0",
                "network": "https://www.googleapis.com/compute/v1/projects/testing-429803/global/networks/default",
                "network_ip": "10.148.0.24",
                "nic_type": "",
                "queue_count": 0,
                "stack_type": "IPV4_ONLY",
                "subnetwork": "https://www.googleapis.com/compute/v1/projects/testing-429803/regions/asia-southeast1/subnetworks/default",
                "subnetwork_project": "testing-429803"
              }
            ],
            "network_performance_config": [],
            "params": [],
            "project": "testing-429803",
            "reservation_affinity": [],
            "resource_policies": null,
            "scheduling": [
              {
                "automatic_restart": true,
                "instance_termination_action": "",
                "local_ssd_recovery_timeout": [],
                "max_run_duration": [],
                "min_node_cpus": 0,
                "node_affinities": [],
                "on_host_maintenance": "MIGRATE",
                "on_instance_stop_action": [],
                "preemptible": false,
                "provisioning_model": "STANDARD"
              }
            ],
            "scratch_disk": [],
            "self_link": "https://www.googleapis.com/compute/v1/projects/testing-429803/zones/asia-southeast1-a/instances/laravel-app",
            "service_account": [],
            "shielded_instance_config": [
              {
                "enable_integrity_monitoring": true,
                "enable_secure_boot": false,
                "enable_vtpm": true
              }
            ],
            "tags": [
              "http-server",
              "https-server",
              "lb-health-check",
              "nest-app"
            ],
            "tags_fingerprint": "J8zgpASG2oo=",
            "terraform_labels": {},
            "timeouts": null,
            "zone": "asia-southeast1-a"
          },
          "sensitive_attributes": [
            [
              {
                "type": "get_attr",
                "value": "boot_disk"
              },
              {
                "type": "index",
                "value": {
                  "value": 0,
                  "type": "number"
                }
              },
              {
                "type": "get_attr",
                "value": "disk_encryption_key_raw"
              }
            ]
          ],
          "private": "eyJlMmJmYjczMC1lY2FhLTExZTYtOGY4OC0zNDM2M2JjN2M0YzAiOnsiY3JlYXRlIjoxMjAwMDAwMDAwMDAwLCJkZWxldGUiOjEyMDAwMDAwMDAwMDAsInVwZGF0ZSI6MTIwMDAwMDAwMDAwMH0sInNjaGVtYV92ZXJzaW9uIjoiNiJ9"
        }
      ]
    },
    {
      "mode": "managed",
      "type": "google_sql_database",
      "name": "my_database",
      "provider": "provider[\"registry.terraform.io/hashicorp/google\"]",
      "instances": [
        {
          "schema_version": 0,
          "attributes": {
            "charset": "utf8mb4",
            "collation": "utf8mb4_0900_ai_ci",
            "deletion_policy": "DELETE",
            "id": "projects/testing-429803/instances/mysql/databases/gcp",
            "instance": "mysql",
            "name": "gcp",
            "project": "testing-429803",
            "self_link": "https://sqladmin.googleapis.com/sql/v1beta4/projects/testing-429803/instances/mysql/databases/gcp",
            "timeouts": null
          },
          "sensitive_attributes": [],
          "private": "eyJlMmJmYjczMC1lY2FhLTExZTYtOGY4OC0zNDM2M2JjN2M0YzAiOnsiY3JlYXRlIjoxMjAwMDAwMDAwMDAwLCJkZWxldGUiOjEyMDAwMDAwMDAwMDAsInVwZGF0ZSI6MTIwMDAwMDAwMDAwMH19",
          "dependencies": [
            "google_sql_database_instance.mysql_instance"
          ]
        }
      ]
    },
    {
      "mode": "managed",
      "type": "google_sql_database_instance",
      "name": "mysql_instance",
      "provider": "provider[\"registry.terraform.io/hashicorp/google\"]",
      "instances": [
        {
          "schema_version": 0,
          "attributes": {
            "available_maintenance_versions": [],
            "clone": [],
            "connection_name": "testing-429803:asia-southeast1:mysql",
            "database_version": "MYSQL_8_0",
            "deletion_protection": true,
            "dns_name": "",
            "encryption_key_name": null,
            "first_ip_address": "34.124.171.61",
            "id": "mysql",
            "instance_type": "CLOUD_SQL_INSTANCE",
            "ip_address": [
              {
                "ip_address": "34.124.171.61",
                "time_to_retire": "",
                "type": "PRIMARY"
              }
            ],
            "maintenance_version": "MYSQL_8_0_31.R20240527.01_00",
            "master_instance_name": "",
            "name": "mysql",
            "private_ip_address": "",
            "project": "testing-429803",
            "psc_service_attachment_link": "",
            "public_ip_address": "34.124.171.61",
            "region": "asia-southeast1",
            "replica_configuration": [],
            "restore_backup_context": [],
            "root_password": null,
            "self_link": "https://sqladmin.googleapis.com/sql/v1beta4/projects/testing-429803/instances/mysql",
            "server_ca_cert": [
              {
                "cert": "-----BEGIN CERTIFICATE-----\nMIIDfzCCAmegAwIBAgIBADANBgkqhkiG9w0BAQsFADB3MS0wKwYDVQQuEyQ0OGFh\nMzlkNS0zNzg1LTQzMTUtOWU0MC1iZjZmMmMxMDJlYmMxIzAhBgNVBAMTGkdvb2ds\nZSBDbG91ZCBTUUwgU2VydmVyIENBMRQwEgYDVQQKEwtHb29nbGUsIEluYzELMAkG\nA1UEBhMCVVMwHhcNMjQwNzIyMDQwMTE2WhcNMzQwNzIwMDQwMjE2WjB3MS0wKwYD\nVQQuEyQ0OGFhMzlkNS0zNzg1LTQzMTUtOWU0MC1iZjZmMmMxMDJlYmMxIzAhBgNV\nBAMTGkdvb2dsZSBDbG91ZCBTUUwgU2VydmVyIENBMRQwEgYDVQQKEwtHb29nbGUs\nIEluYzELMAkGA1UEBhMCVVMwggEiMA0GCSqGSIb3DQEBAQUAA4IBDwAwggEKAoIB\nAQCDslQBK/Yh1a20fxjIAe6Uv3TVewZXGlKKH4JPuo1xndpCBNngphrlIC2pAWMg\nbc9xOGRqIfr/4MYFyVSGxCsvE4/6jruLHXsIMPVSupiZZEtQif6NTdxsbZqqkDc7\nyKDIqEGAWrFZ0KJmBM3lnfM/04UvdpvKAkIDYtEpVTkvgdkBy4TtpD8igmJi8KSh\niOVPmdl7H2HXguZc65nbDafDndTn6Sf4yqA336Ri5LSg83nGllBtnptth0OOE4i0\nU6UBdhl839pCR5Kv2RUEZoA/QugpzMhInD5e5M5M9LWUy0vECXj3dNQUAayP5bCV\nSjXSKnRl6Rb0JKiZejYSjf5HAgMBAAGjFjAUMBIGA1UdEwEB/wQIMAYBAf8CAQAw\nDQYJKoZIhvcNAQELBQADggEBAIKaXqt6HxkcsfLT7Wd8NCF65+KKaV2YdbSi6E4L\nixSEbyaG+x0rUbIsZtXYGqRmR8J7miTyPYaYzIJWMSPiRILjHqAsoqGBiPaRAtGz\nRsRlgXLz/qCBI+H6DY5cBAUBiB1ho2xV3PIt77ipEurFxU9TvBTvYXU08Kv8Vt7b\nlHMxj+9AwygYB3RKXbV+miQuCZLNT4AhPttdeCpRuEIXFk5Xgz5ui820dsQ5VM6d\nWfMTn0cm9RLJGbgGISi+PevuVS/dtHk5ysNZyYLzPrBeUE/UohXtvAzEHS6jj5EW\nHD0MgP5UPQH280KhXoEdD4z8BccNVLCqjJplIq8SpqrvH9I=\n-----END CERTIFICATE-----",
                "common_name": "C=US,O=Google\\, Inc,CN=Google Cloud SQL Server CA,dnQualifier=48aa39d5-3785-4315-9e40-bf6f2c102ebc",
                "create_time": "2024-07-22T04:01:16.633Z",
                "expiration_time": "2034-07-20T04:02:16.633Z",
                "sha1_fingerprint": "24025c22a1fb843ce2d5aed5aa5df2290bea666d"
              }
            ],
            "service_account_email_address": "p974612849995-vv4bud@gcp-sa-cloud-sql.iam.gserviceaccount.com",
            "settings": [
              {
                "activation_policy": "ALWAYS",
                "active_directory_config": [],
                "advanced_machine_features": [],
                "availability_type": "ZONAL",
                "backup_configuration": [
                  {
                    "backup_retention_settings": [
                      {
                        "retained_backups": 7,
                        "retention_unit": "COUNT"
                      }
                    ],
                    "binary_log_enabled": false,
                    "enabled": false,
                    "location": "",
                    "point_in_time_recovery_enabled": false,
                    "start_time": "17:00",
                    "transaction_log_retention_days": 7
                  }
                ],
                "collation": "",
                "connector_enforcement": "NOT_REQUIRED",
                "data_cache_config": [],
                "database_flags": [],
                "deletion_protection_enabled": false,
                "deny_maintenance_period": [],
                "disk_autoresize": true,
                "disk_autoresize_limit": 0,
                "disk_size": 10,
                "disk_type": "PD_SSD",
                "edition": "ENTERPRISE",
                "enable_google_ml_integration": false,
                "insights_config": [],
                "ip_configuration": [
                  {
                    "allocated_ip_range": "",
                    "authorized_networks": [
                      {
                        "expiration_time": "",
                        "name": "allow-all",
                        "value": "0.0.0.0/0"
                      }
                    ],
                    "enable_private_path_for_google_cloud_services": false,
                    "ipv4_enabled": true,
                    "private_network": "",
                    "psc_config": [],
                    "require_ssl": false,
                    "ssl_mode": ""
                  }
                ],
                "location_preference": [
                  {
                    "follow_gae_application": "",
                    "secondary_zone": "",
                    "zone": "asia-southeast1-b"
                  }
                ],
                "maintenance_window": [],
                "password_validation_policy": [],
                "pricing_plan": "PER_USE",
                "sql_server_audit_config": [],
                "tier": "db-f1-micro",
                "time_zone": "",
                "user_labels": {},
                "version": 1
              }
            ],
            "timeouts": null
          },
          "sensitive_attributes": [
            [
              {
                "type": "get_attr",
                "value": "root_password"
              }
            ],
            [
              {
                "type": "get_attr",
                "value": "server_ca_cert"
              }
            ]
          ],
          "private": "eyJlMmJmYjczMC1lY2FhLTExZTYtOGY4OC0zNDM2M2JjN2M0YzAiOnsiY3JlYXRlIjo1NDAwMDAwMDAwMDAwLCJkZWxldGUiOjU0MDAwMDAwMDAwMDAsInVwZGF0ZSI6NTQwMDAwMDAwMDAwMH19"
        }
      ]
    },
    {
      "mode": "managed",
      "type": "google_sql_user",
      "name": "my_user",
      "provider": "provider[\"registry.terraform.io/hashicorp/google\"]",
      "instances": [
        {
          "schema_version": 1,
          "attributes": {
            "deletion_policy": null,
            "host": "",
            "id": "gugu//mysql",
            "instance": "mysql",
            "name": "gugu",
            "password": "guguadmin",
            "password_policy": [],
            "project": "testing-429803",
            "sql_server_user_details": [],
            "timeouts": null,
            "type": ""
          },
          "sensitive_attributes": [
            [
              {
                "type": "get_attr",
                "value": "password"
              }
            ]
          ],
          "private": "eyJlMmJmYjczMC1lY2FhLTExZTYtOGY4OC0zNDM2M2JjN2M0YzAiOnsiY3JlYXRlIjo2MDAwMDAwMDAwMDAsImRlbGV0ZSI6NjAwMDAwMDAwMDAwLCJ1cGRhdGUiOjYwMDAwMDAwMDAwMH0sInNjaGVtYV92ZXJzaW9uIjoiMSJ9",
          "dependencies": [
            "google_sql_database_instance.mysql_instance"
          ]
        }
      ]
    }
  ],
  "check_results": null
}
